{
  "lockfileVersion": 1,
  "configVersion": 1,
  "workspaces": {
    "": {
      "name": "bcr-work-example",
      "dependencies": {
        "@remotion/fonts": "4.0.532",
        "@remotion/gsap": "4.0.532",
        "@remotion/player": "4.0.532",
        "@remotion/transitions": "4.0.532",
        "gsap": "3.14.2",
        "react": "19.2.8",
        "react-dom": "19.2.8",
        "remotion": "4.0.532",
      },
      "devDependencies": {
        "@types/react": "19.2.14",
        "@types/react-dom": "19.2.3",
        "typescript": "5.9.3",
      },
    },
  },
  "packages": {
    "@remotion/fonts": ["@remotion/fonts@4.0.532", "https://registry.npmmirror.com/@remotion/fonts/-/fonts-4.0.532.tgz", { "dependencies": { "remotion": "4.0.532" } }, "sha512-9uvvMNTfxcdM0Tyx0aIIfsabWUCWq7XmJsZx7CtIaJkuLx+VBJEQC3CU1MD81cSZLNJlxyGS2Bco6jxvQJUUNw=="],

    "@remotion/gsap": ["@remotion/gsap@4.0.532", "https://registry.npmmirror.com/@remotion/gsap/-/gsap-4.0.532.tgz", { "dependencies": { "remotion": "4.0.532" }, "peerDependencies": { "gsap": ">=3.12.0 <4", "react": ">=16.8.0", "react-dom": ">=16.8.0" } }, "sha512-GkPHf3YihoCJuvk08oao4fbG5+g6xKFoIufQBVt89rfy2W+0Clwg4zq9+AamFHjb/748MTwA+jQW5jaiYVcQdg=="],

    "@remotion/paths": ["@remotion/paths@4.0.532", "https://registry.npmmirror.com/@remotion/paths/-/paths-4.0.532.tgz", { "dependencies": { "remotion": "4.0.532" } }, "sha512-JyO0zYT47lbqfsDriFl69RfmUmjXm4h/h1TAvDt5XnChIZMlf9DlpUdiBYkOUvO7NHOXku8XsG/LKyTP/jnZmg=="],

    "@remotion/player": ["@remotion/player@4.0.532", "https://registry.npmmirror.com/@remotion/player/-/player-4.0.532.tgz", { "dependencies": { "remotion": "4.0.532" }, "peerDependencies": { "react": ">=16.8.0", "react-dom": ">=16.8.0" } }, "sha512-McCswN8cb3Y6BEg1iCRc6yBUoxjODoStvOsAHZ6uReHEP+mqzor3p1qO9zKIm9aL/evEF7bumwo43nKoO1klxA=="],

    "@remotion/shapes": ["@remotion/shapes@4.0.532", "https://registry.npmmirror.com/@remotion/shapes/-/shapes-4.0.532.tgz", { "dependencies": { "@remotion/paths": "4.0.532", "remotion": "4.0.532" }, "peerDependencies": { "react": ">=16.8.0", "react-dom": ">=16.8.0" } }, "sha512-lGlXdPqVvaM7pZFDT88vsqdltZ/1TokBPlY8ibv2PIlm/Wct3EuMOp2p7U2XHY8XbrMi8TsGIIZGFjsr+vk8Cw=="],

    "@remotion/transitions": ["@remotion/transitions@4.0.532", "https://registry.npmmirror.com/@remotion/transitions/-/transitions-4.0.532.tgz", { "dependencies": { "@remotion/paths": "4.0.532", "@remotion/shapes": "4.0.532", "remotion": "4.0.532" }, "peerDependencies": { "react": ">=16.8.0", "react-dom": ">=16.8.0" } }, "sha512-NyfiwGWDhK7awBz9+emZE8NhkjRCW+zZUgkfOd1lDs/7TcDU+Y9WK2MawIGRelYTNXusSc1FIbX1iwV50kP6Rw=="],

    "@types/react": ["@types/react@19.2.14", "https://registry.npmmirror.com/@types/react/-/react-19.2.14.tgz", { "dependencies": { "csstype": "^3.2.2" } }, "sha512-ilcTH/UniCkMdtexkoCN0bI7pMcJDvmQFPvuPvmEaYA/NSfFTAgdUSLAoVjaRJm7+6PvcM+q1zYOwS4wTYMF9w=="],

    "@types/react-dom": ["@types/react-dom@19.2.3", "https://registry.npmmirror.com/@types/react-dom/-/react-dom-19.2.3.tgz", { "peerDependencies": { "@types/react": "^19.2.0" } }, "sha512-jp2L/eY6fn+KgVVQAOqYItbF0VY/YApe5Mz2F0aykSO8gx31bYCZyvSeYxCHKvzHG5eZjc+zyaS5BrBWya2+kQ=="],

    "csstype": ["csstype@3.2.3", "https://registry.npmmirror.com/csstype/-/csstype-3.2.3.tgz", {}, "sha512-z1HGKcYy2xA8AGQfwrn0PAy+PB7X/GSj3UVJW9qKyn43xWa+gl5nXmU4qqLMRzWVLFC8KusUX8T/0kCiOYpAIQ=="],

    "gsap": ["gsap@3.14.2", "https://registry.npmmirror.com/gsap/-/gsap-3.14.2.tgz", {}, "sha512-P8/mMxVLU7o4+55+1TCnQrPmgjPKnwkzkXOK1asnR9Jg2lna4tEY5qBJjMmAaOBDDZWtlRjBXjLa0w53G/uBLA=="],

    "react": ["react@19.2.8", "https://registry.npmmirror.com/react/-/react-19.2.8.tgz", {}, "sha512-PWaYA1L/q9u2u7xYQi+Y3L3Yfnie7XyLeaJICV1MGD6LprsBxcAqGjYyr0eY3p+QdsA+x/Irkt4Qif8D63+Sbw=="],

    "react-dom": ["react-dom@19.2.8", "https://registry.npmmirror.com/react-dom/-/react-dom-19.2.8.tgz", { "dependencies": { "scheduler": "^0.27.0" }, "peerDependencies": { "react": "^19.2.8" } }, "sha512-rVprimfGBG3DR+Tq0IQG2DT5PxKth1WIGDmj5yPmlzr4YBe7uyE+Du4oVqTDXZSHGGGXRtTJEGSSePyQCMBglQ=="],

    "remotion": ["remotion@4.0.532", "https://registry.npmmirror.com/remotion/-/remotion-4.0.532.tgz", { "peerDependencies": { "react": ">=16.8.0", "react-dom": ">=16.8.0" } }, "sha512-YsxSVz4E7HDKhC9v+O9sNCA9ud05VuWbjTX/ko51lf4MV+uyyrvsAyVNbPW2pW9Nk5Ty+JPdW3osRr5A+hXOoA=="],

    "scheduler": ["scheduler@0.27.0", "https://registry.npmmirror.com/scheduler/-/scheduler-0.27.0.tgz", {}, "sha512-eNv+WrVbKu1f3vbYJT/xtiF5syA5HPIMtf9IgY/nKg0sWqzAUEvqY/xm7OcZc/qafLx/iO9FgOmeSAp4v5ti/Q=="],

    "typescript": ["typescript@5.9.3", "https://registry.npmmirror.com/typescript/-/typescript-5.9.3.tgz", { "bin": { "tsc": "bin/tsc", "tsserver": "bin/tsserver" } }, "sha512-jl1vZzPDinLr9eUt3J/t7V6FgNEw9QjvBPdysz9KfQDD41fQrC2Y4vKQdiaUpFT4bXlb1RHhLpp8wtm6M5TgSw=="],
  }
}
